{
  "name": "@bpmn-io/form-js-editor",
  "version": "0.0.4",
  "lockfileVersion": 1,
  "requires": true,
  "dependencies": {
    "min-dash": {
      "version": "3.6.1",
      "resolved": "https://registry.npmjs.org/min-dash/-/min-dash-3.6.1.tgz",
      "integrity": "sha512-kGbW+G/kytkzS3rvOh3ULrIhRMSp++qOK4TogK4X/b5tHFOo1vEfMyIBb7Q8Gouri4gOAeT8oF5uouecu9OKTA==",
      "dev": true
    }
  }
}
